
Microsoft Visual Studio Solution File, Format Version 12.00
# Visual Studio Version 16
VisualStudioVersion = 16.0.29324.140
MinimumVisualStudioVersion = 10.0.40219.1
Project("{FAE04EC0-301F-11D3-BF4B-00C04F79EFBC}") = "Composite", "Composite.csproj", "{2355DA2B-577A-460B-9EE5-8980155CA4F9}"
EndProject
Global
	GlobalSection(SolutionConfigurationPlatforms) = preSolution
		Debug|Any CPU = Debug|Any CPU
		Release|Any CPU = Release|Any CPU
	EndGlobalSection
	GlobalSection(ProjectConfigurationPlatforms) = postSolution
		{2355DA2B-577A-460B-9EE5-8980155CA4F9}.Debug|Any CPU.ActiveCfg = Debug|Any CPU
		{2355DA2B-577A-460B-9EE5-8980155CA4F9}.Debug|Any CPU.Build.0 = Debug|Any CPU
		{2355DA2B-577A-460B-9EE5-8980155CA4F9}.Release|Any CPU.ActiveCfg = Release|Any CPU
		{2355DA2B-577A-460B-9EE5-8980155CA4F9}.Release|Any CPU.Build.0 = Release|Any CPU
	EndGlobalSection
	GlobalSection(SolutionProperties) = preSolution
		HideSolutionNode = FALSE
	EndGlobalSection
	GlobalSection(ExtensibilityGlobals) = postSolution
		SolutionGuid = {34550FC4-51E5-47C9-BCF4-DD4874658027}
	EndGlobalSection
EndGlobal
